
Microsoft Visual Studio Solution File, Format Version 12.00
Project("{FAE04EC0-301F-11D3-BF4B-00C04F79EFBC}") = "HumanRegex.NET", "HumanRegex.NET.csproj", "{B7645ECE-6183-4B7F-97AC-BE10B64C1D16}"
EndProject
Global
	GlobalSection(SolutionConfigurationPlatforms) = preSolution
		Debug|Any CPU = Debug|Any CPU
		Release|Any CPU = Release|Any CPU
	EndGlobalSection
	GlobalSection(ProjectConfigurationPlatforms) = postSolution
		{B7645ECE-6183-4B7F-97AC-BE10B64C1D16}.Debug|Any CPU.ActiveCfg = Debug|Any CPU
		{B7645ECE-6183-4B7F-97AC-BE10B64C1D16}.Debug|Any CPU.Build.0 = Debug|Any CPU
		{B7645ECE-6183-4B7F-97AC-BE10B64C1D16}.Release|Any CPU.ActiveCfg = Release|Any CPU
		{B7645ECE-6183-4B7F-97AC-BE10B64C1D16}.Release|Any CPU.Build.0 = Release|Any CPU
	EndGlobalSection
EndGlobal
